// !$*UTF8*$!
{
	archiveVersion = 1;
	classes = {
	};
	objectVersion = 46;
	objects = {

/* Begin PBXBuildFile section */
		23F66BCF1F68E46F00A46F61 /* SystemConfiguration.framework in Frameworks */ = {isa = PBXBuildFile; fileRef = 23F66BCE1F68E46F00A46F61 /* SystemConfiguration.framework */; };
		23F66BD11F68E46F00A46F61 /* Foundation.framework in Frameworks */ = {isa = PBXBuildFile; fileRef = 23F66BD01F68E46F00A46F61 /* Foundation.framework */; };
		23F66BD31F68E46F00A46F61 /* UIKit.framework in Frameworks */ = {isa = PBXBuildFile; fileRef = 23F66BD21F68E46F00A46F61 /* UIKit.framework */; };
		23F66BD51F68E46F00A46F61 /* CoreImage.framework in Frameworks */ = {isa = PBXBuildFile; fileRef = 23F66BD41F68E46F00A46F61 /* CoreImage.framework */; };
		23F66BD91F68E46F00A46F61 /* main.m in Sources */ = {isa = PBXBuildFile; fileRef = 23F66BD81F68E46F00A46F61 /* main.m */; };
		23F66BDC1F68E46F00A46F61 /* AppDelegate.m in Sources */ = {isa = PBXBuildFile; fileRef = 23F66BDB1F68E46F00A46F61 /* AppDelegate.m */; };
		23F66BDF1F68E46F00A46F61 /* ViewController.m in Sources */ = {isa = PBXBuildFile; fileRef = 23F66BDE1F68E46F00A46F61 /* ViewController.m */; };
		23F66BE21F68E46F00A46F61 /* PrefixHeader.pch in Resources */ = {isa = PBXBuildFile; fileRef = 23F66BE11F68E46F00A46F61 /* PrefixHeader.pch */; };
		23F66BEA1F68E46F00A46F61 /* ZGBaseController.m in Sources */ = {isa = PBXBuildFile; fileRef = 23F66BE91F68E46F00A46F61 /* ZGBaseController.m */; };
		23F66BED1F68E46F00A46F61 /* ZGNavigationController.m in Sources */ = {isa = PBXBuildFile; fileRef = 23F66BEC1F68E46F00A46F61 /* ZGNavigationController.m */; };
		23F66BF01F68E46F00A46F61 /* ZGTabBarController.m in Sources */ = {isa = PBXBuildFile; fileRef = 23F66BEF1F68E46F00A46F61 /* ZGTabBarController.m */; };
		23F66BF41F68E46F00A46F61 /* AppDelegate+AppService.m in Sources */ = {isa = PBXBuildFile; fileRef = 23F66BF31F68E46F00A46F61 /* AppDelegate+AppService.m */; };
		23F66BFC1F68E46F00A46F61 /* View in Resources */ = {isa = PBXBuildFile; fileRef = 23F66BFB1F68E46F00A46F61 /* View */; };
		23F66C031F68E46F00A46F61 /* View in Resources */ = {isa = PBXBuildFile; fileRef = 23F66C021F68E46F00A46F61 /* View */; };
		23F66C0A1F68E46F00A46F61 /* View in Resources */ = {isa = PBXBuildFile; fileRef = 23F66C091F68E46F00A46F61 /* View */; };
		23F66C0C1F68E46F00A46F61 /* Manager in Resources */ = {isa = PBXBuildFile; fileRef = 23F66C0B1F68E46F00A46F61 /* Manager */; };
		23F66C0E1F68E46F00A46F61 /* ThridParty in Resources */ = {isa = PBXBuildFile; fileRef = 23F66C0D1F68E46F00A46F61 /* ThridParty */; };
		23F66C101F68E46F00A46F61 /* Resource in Resources */ = {isa = PBXBuildFile; fileRef = 23F66C0F1F68E46F00A46F61 /* Resource */; };
		23F66C121F68E46F00A46F61 /* Utils in Resources */ = {isa = PBXBuildFile; fileRef = 23F66C111F68E46F00A46F61 /* Utils */; };
		23F66C151F68E46F00A46F61 /* Main.storyboard in Resources */ = {isa = PBXBuildFile; fileRef = 23F66C131F68E46F00A46F61 /* Main.storyboard */; };
		23F66C171F68E46F00A46F61 /* Assets.xcassets in Resources */ = {isa = PBXBuildFile; fileRef = 23F66C161F68E46F00A46F61 /* Assets.xcassets */; };
		23F66C1A1F68E46F00A46F61 /* LaunchScreen.storyboard in Resources */ = {isa = PBXBuildFile; fileRef = 23F66C181F68E46F00A46F61 /* LaunchScreen.storyboard */; };
/* End PBXBuildFile section */

/* Begin PBXFileReference section */
		23F66BCB1F68E46F00A46F61 /* ZGTableViewNoData.app */ = {isa = PBXFileReference; explicitFileType = wrapper.application; includeInIndex = 0; path = ZGTableViewNoData.app; sourceTree = BUILT_PRODUCTS_DIR; };
		23F66BCE1F68E46F00A46F61 /* SystemConfiguration.framework */ = {isa = PBXFileReference; lastKnownFileType = wrapper.framework; name = SystemConfiguration.framework; path = System/Library/Frameworks/SystemConfiguration.framework; sourceTree = SDKROOT; };
		23F66BD01F68E46F00A46F61 /* Foundation.framework */ = {isa = PBXFileReference; lastKnownFileType = wrapper.framework; name = Foundation.framework; path = System/Library/Frameworks/Foundation.framework; sourceTree = SDKROOT; };
		23F66BD21F68E46F00A46F61 /* UIKit.framework */ = {isa = PBXFileReference; lastKnownFileType = wrapper.framework; name = UIKit.framework; path = System/Library/Frameworks/UIKit.framework; sourceTree = SDKROOT; };
		23F66BD41F68E46F00A46F61 /* CoreImage.framework */ = {isa = PBXFileReference; lastKnownFileType = wrapper.framework; name = CoreImage.framework; path = System/Library/Frameworks/CoreImage.framework; sourceTree = SDKROOT; };
		23F66BD81F68E46F00A46F61 /* main.m */ = {isa = PBXFileReference; lastKnownFileType = sourcecode.c.objc; path = main.m; sourceTree = "<group>"; };
		23F66BDA1F68E46F00A46F61 /* AppDelegate.h */ = {isa = PBXFileReference; lastKnownFileType = sourcecode.c.h; path = AppDelegate.h; sourceTree = "<group>"; };
		23F66BDB1F68E46F00A46F61 /* AppDelegate.m */ = {isa = PBXFileReference; lastKnownFileType = sourcecode.c.objc; path = AppDelegate.m; sourceTree = "<group>"; };
		23F66BDD1F68E46F00A46F61 /* ViewController.h */ = {isa = PBXFileReference; lastKnownFileType = sourcecode.c.h; path = ViewController.h; sourceTree = "<group>"; };
		23F66BDE1F68E46F00A46F61 /* ViewController.m */ = {isa = PBXFileReference; lastKnownFileType = sourcecode.c.objc; path = ViewController.m; sourceTree = "<group>"; };
		23F66BE11F68E46F00A46F61 /* PrefixHeader.pch */ = {isa = PBXFileReference; lastKnownFileType = sourcecode.c.h; name = PrefixHeader.pch; path = Define/PrefixHeader.pch; sourceTree = "<group>"; };
		23F66BE31F68E46F00A46F61 /* ZGFontAndColorMacros.h */ = {isa = PBXFileReference; lastKnownFileType = sourcecode.c.h; name = ZGFontAndColorMacros.h; path = Define/ZGFontAndColorMacros.h; sourceTree = "<group>"; };
		23F66BE41F68E46F00A46F61 /* ZGThirdMacros.h */ = {isa = PBXFileReference; lastKnownFileType = sourcecode.c.h; name = ZGThirdMacros.h; path = Define/ZGThirdMacros.h; sourceTree = "<group>"; };
		23F66BE51F68E46F00A46F61 /* ZGURLMacros.h */ = {isa = PBXFileReference; lastKnownFileType = sourcecode.c.h; name = ZGURLMacros.h; path = Define/ZGURLMacros.h; sourceTree = "<group>"; };
		23F66BE61F68E46F00A46F61 /* ZGUtilsMacros.h */ = {isa = PBXFileReference; lastKnownFileType = sourcecode.c.h; name = ZGUtilsMacros.h; path = Define/ZGUtilsMacros.h; sourceTree = "<group>"; };
		23F66BE81F68E46F00A46F61 /* ZGBaseController.h */ = {isa = PBXFileReference; lastKnownFileType = sourcecode.c.h; name = ZGBaseController.h; path = Base/ZGBaseController.h; sourceTree = "<group>"; };
		23F66BE91F68E46F00A46F61 /* ZGBaseController.m */ = {isa = PBXFileReference; lastKnownFileType = sourcecode.c.objc; name = ZGBaseController.m; path = Base/ZGBaseController.m; sourceTree = "<group>"; };
		23F66BEB1F68E46F00A46F61 /* ZGNavigationController.h */ = {isa = PBXFileReference; lastKnownFileType = sourcecode.c.h; name = ZGNavigationController.h; path = Base/ZGNavigationController.h; sourceTree = "<group>"; };
		23F66BEC1F68E46F00A46F61 /* ZGNavigationController.m */ = {isa = PBXFileReference; lastKnownFileType = sourcecode.c.objc; name = ZGNavigationController.m; path = Base/ZGNavigationController.m; sourceTree = "<group>"; };
		23F66BEE1F68E46F00A46F61 /* ZGTabBarController.h */ = {isa = PBXFileReference; lastKnownFileType = sourcecode.c.h; name = ZGTabBarController.h; path = Base/ZGTabBarController.h; sourceTree = "<group>"; };
		23F66BEF1F68E46F00A46F61 /* ZGTabBarController.m */ = {isa = PBXFileReference; lastKnownFileType = sourcecode.c.objc; name = ZGTabBarController.m; path = Base/ZGTabBarController.m; sourceTree = "<group>"; };
		23F66BF21F68E46F00A46F61 /* AppDelegate+AppService.h */ = {isa = PBXFileReference; lastKnownFileType = sourcecode.c.h; name = "AppDelegate+AppService.h"; path = "AppDelegate/AppDelegate+AppService.h"; sourceTree = "<group>"; };
		23F66BF31F68E46F00A46F61 /* AppDelegate+AppService.m */ = {isa = PBXFileReference; lastKnownFileType = sourcecode.c.objc; name = "AppDelegate+AppService.m"; path = "AppDelegate/AppDelegate+AppService.m"; sourceTree = "<group>"; };
		23F66BF81F68E46F00A46F61 /* ZGHomeController.h */ = {isa = PBXFileReference; lastKnownFileType = sourcecode.c.h; path = ZGHomeController.h; sourceTree = "<group>"; };
		23F66BF91F68E46F00A46F61 /* ZGHomeController.m */ = {isa = PBXFileReference; lastKnownFileType = sourcecode.c.objc; path = ZGHomeController.m; sourceTree = "<group>"; };
		23F66BFF1F68E46F00A46F61 /* ZGLoginController.h */ = {isa = PBXFileReference; lastKnownFileType = sourcecode.c.h; path = ZGLoginController.h; sourceTree = "<group>"; };
		23F66C001F68E46F00A46F61 /* ZGLoginController.m */ = {isa = PBXFileReference; lastKnownFileType = sourcecode.c.objc; path = ZGLoginController.m; sourceTree = "<group>"; };
		23F66C061F68E46F00A46F61 /* ZGMineController.h */ = {isa = PBXFileReference; lastKnownFileType = sourcecode.c.h; path = ZGMineController.h; sourceTree = "<group>"; };
		23F66C071F68E46F00A46F61 /* ZGMineController.m */ = {isa = PBXFileReference; lastKnownFileType = sourcecode.c.objc; path = ZGMineController.m; sourceTree = "<group>"; };
		23F66C141F68E46F00A46F61 /* Base */ = {isa = PBXFileReference; lastKnownFileType = file.storyboard; name = Base; path = Base.lproj/Main.storyboard; sourceTree = "<group>"; };
		23F66C161F68E46F00A46F61 /* Assets.xcassets */ = {isa = PBXFileReference; lastKnownFileType = folder.assetcatalog; path = Assets.xcassets; sourceTree = "<group>"; };
		23F66C191F68E46F00A46F61 /* Base */ = {isa = PBXFileReference; lastKnownFileType = file.storyboard; name = Base; path = Base.lproj/LaunchScreen.storyboard; sourceTree = "<group>"; };
		23F66C1B1F68E46F00A46F61 /* Info.plist */ = {isa = PBXFileReference; lastKnownFileType = text.plist.xml; path = Info.plist; sourceTree = "<group>"; };
/* End PBXFileReference section */

/* Begin PBXFrameworksBuildPhase section */
		23F66BC81F68E46F00A46F61 /* Frameworks */ = {
			isa = PBXFrameworksBuildPhase;
			buildActionMask = 2147483647;
			files = (
				23F66BCF1F68E46F00A46F61 /* SystemConfiguration.framework in Frameworks */,
				23F66BD31F68E46F00A46F61 /* UIKit.framework in Frameworks */,
				23F66BD11F68E46F00A46F61 /* Foundation.framework in Frameworks */,
				23F66BD51F68E46F00A46F61 /* CoreImage.framework in Frameworks */,
			);
			runOnlyForDeploymentPostprocessing = 0;
		};
/* End PBXFrameworksBuildPhase section */

/* Begin PBXGroup section */
		23F66BC21F68E46F00A46F61 = {
			isa = PBXGroup;
			children = (
				23F66BD61F68E46F00A46F61 /* ZGTableViewNoData */,
				23F66BCD1F68E46F00A46F61 /* Frameworks */,
				23F66BCC1F68E46F00A46F61 /* Products */,
			);
			sourceTree = "<group>";
		};
		23F66BCC1F68E46F00A46F61 /* Products */ = {
			isa = PBXGroup;
			children = (
				23F66BCB1F68E46F00A46F61 /* ZGTableViewNoData.app */,
			);
			name = Products;
			sourceTree = "<group>";
		};
		23F66BCD1F68E46F00A46F61 /* Frameworks */ = {
			isa = PBXGroup;
			children = (
				23F66BCE1F68E46F00A46F61 /* SystemConfiguration.framework */,
				23F66BD01F68E46F00A46F61 /* Foundation.framework */,
				23F66BD21F68E46F00A46F61 /* UIKit.framework */,
				23F66BD41F68E46F00A46F61 /* CoreImage.framework */,
			);
			name = Frameworks;
			sourceTree = "<group>";
		};
		23F66BD61F68E46F00A46F61 /* ZGTableViewNoData */ = {
			isa = PBXGroup;
			children = (
				23F66BDA1F68E46F00A46F61 /* AppDelegate.h */,
				23F66BDB1F68E46F00A46F61 /* AppDelegate.m */,
				23F66BDD1F68E46F00A46F61 /* ViewController.h */,
				23F66BDE1F68E46F00A46F61 /* ViewController.m */,
				23F66C131F68E46F00A46F61 /* Main.storyboard */,
				23F66C161F68E46F00A46F61 /* Assets.xcassets */,
				23F66C181F68E46F00A46F61 /* LaunchScreen.storyboard */,
				23F66C1B1F68E46F00A46F61 /* Info.plist */,
				23F66C111F68E46F00A46F61 /* Utils */,
				23F66C0F1F68E46F00A46F61 /* Resource */,
				23F66C0D1F68E46F00A46F61 /* ThridParty */,
				23F66C0B1F68E46F00A46F61 /* Manager */,
				23F66BE01F68E46F00A46F61 /* Define */,
				23F66BE71F68E46F00A46F61 /* Base */,
				23F66BF11F68E46F00A46F61 /* AppDelegate */,
				23F66BF51F68E46F00A46F61 /* Classes */,
				23F66BD71F68E46F00A46F61 /* Supporting Files */,
			);
			path = ZGTableViewNoData;
			sourceTree = "<group>";
		};
		23F66BD71F68E46F00A46F61 /* Supporting Files */ = {
			isa = PBXGroup;
			children = (
				23F66BD81F68E46F00A46F61 /* main.m */,
			);
			name = "Supporting Files";
			sourceTree = "<group>";
		};
		23F66BE01F68E46F00A46F61 /* Define */ = {
			isa = PBXGroup;
			children = (
				23F66BE11F68E46F00A46F61 /* PrefixHeader.pch */,
				23F66BE31F68E46F00A46F61 /* ZGFontAndColorMacros.h */,
				23F66BE41F68E46F00A46F61 /* ZGThirdMacros.h */,
				23F66BE51F68E46F00A46F61 /* ZGURLMacros.h */,
				23F66BE61F68E46F00A46F61 /* ZGUtilsMacros.h */,
			);
			name = Define;
			sourceTree = "<group>";
		};
		23F66BE71F68E46F00A46F61 /* Base */ = {
			isa = PBXGroup;
			children = (
				23F66BE81F68E46F00A46F61 /* ZGBaseController.h */,
				23F66BE91F68E46F00A46F61 /* ZGBaseController.m */,
				23F66BEB1F68E46F00A46F61 /* ZGNavigationController.h */,
				23F66BEC1F68E46F00A46F61 /* ZGNavigationController.m */,
				23F66BEE1F68E46F00A46F61 /* ZGTabBarController.h */,
				23F66BEF1F68E46F00A46F61 /* ZGTabBarController.m */,
			);
			name = Base;
			sourceTree = "<group>";
		};
		23F66BF11F68E46F00A46F61 /* AppDelegate */ = {
			isa = PBXGroup;
			children = (
				23F66BF21F68E46F00A46F61 /* AppDelegate+AppService.h */,
				23F66BF31F68E46F00A46F61 /* AppDelegate+AppService.m */,
			);
			name = AppDelegate;
			sourceTree = "<group>";
		};
		23F66BF51F68E46F00A46F61 /* Classes */ = {
			isa = PBXGroup;
			children = (
				23F66C041F68E46F00A46F61 /* Mine */,
				23F66BFD1F68E46F00A46F61 /* Login */,
				23F66BF61F68E46F00A46F61 /* Home */,
			);
			name = Classes;
			sourceTree = "<group>";
		};
		23F66BF61F68E46F00A46F61 /* Home */ = {
			isa = PBXGroup;
			children = (
				23F66BF71F68E46F00A46F61 /* Controller */,
				23F66BFA1F68E46F00A46F61 /* Model */,
				23F66BFB1F68E46F00A46F61 /* View */,
			);
			name = Home;
			path = Classes/Home;
			sourceTree = "<group>";
		};
		23F66BF71F68E46F00A46F61 /* Controller */ = {
			isa = PBXGroup;
			children = (
				23F66BF81F68E46F00A46F61 /* ZGHomeController.h */,
				23F66BF91F68E46F00A46F61 /* ZGHomeController.m */,
			);
			path = Controller;
			sourceTree = "<group>";
		};
		23F66BFA1F68E46F00A46F61 /* Model */ = {
			isa = PBXGroup;
			children = (
			);
			path = Model;
			sourceTree = "<group>";
		};
		23F66BFB1F68E46F00A46F61 /* View */ = {
			isa = PBXGroup;
			children = (
			);
			name = View;
			sourceTree = "<group>";
		};
		23F66BFD1F68E46F00A46F61 /* Login */ = {
			isa = PBXGroup;
			children = (
				23F66BFE1F68E46F00A46F61 /* Controller */,
				23F66C011F68E46F00A46F61 /* Model */,
				23F66C021F68E46F00A46F61 /* View */,
			);
			name = Login;
			path = Classes/Login;
			sourceTree = "<group>";
		};
		23F66BFE1F68E46F00A46F61 /* Controller */ = {
			isa = PBXGroup;
			children = (
				23F66BFF1F68E46F00A46F61 /* ZGLoginController.h */,
				23F66C001F68E46F00A46F61 /* ZGLoginController.m */,
			);
			path = Controller;
			sourceTree = "<group>";
		};
		23F66C011F68E46F00A46F61 /* Model */ = {
			isa = PBXGroup;
			children = (
			);
			path = Model;
			sourceTree = "<group>";
		};
		23F66C021F68E46F00A46F61 /* View */ = {
			isa = PBXGroup;
			children = (
			);
			name = View;
			sourceTree = "<group>";
		};
		23F66C041F68E46F00A46F61 /* Mine */ = {
			isa = PBXGroup;
			children = (
				23F66C051F68E46F00A46F61 /* Controller */,
				23F66C081F68E46F00A46F61 /* Model */,
				23F66C091F68E46F00A46F61 /* View */,
			);
			name = Mine;
			path = Classes/Mine;
			sourceTree = "<group>";
		};
		23F66C051F68E46F00A46F61 /* Controller */ = {
			isa = PBXGroup;
			children = (
				23F66C061F68E46F00A46F61 /* ZGMineController.h */,
				23F66C071F68E46F00A46F61 /* ZGMineController.m */,
			);
			path = Controller;
			sourceTree = "<group>";
		};
		23F66C081F68E46F00A46F61 /* Model */ = {
			isa = PBXGroup;
			children = (
			);
			path = Model;
			sourceTree = "<group>";
		};
		23F66C091F68E46F00A46F61 /* View */ = {
			isa = PBXGroup;
			children = (
			);
			name = View;
			sourceTree = "<group>";
		};
		23F66C0B1F68E46F00A46F61 /* Manager */ = {
			isa = PBXGroup;
			children = (
			);
			path = Manager;
			sourceTree = "<group>";
		};
		23F66C0D1F68E46F00A46F61 /* ThridParty */ = {
			isa = PBXGroup;
			children = (
			);
			path = ThridParty;
			sourceTree = "<group>";
		};
		23F66C0F1F68E46F00A46F61 /* Resource */ = {
			isa = PBXGroup;
			children = (
			);
			path = Resource;
			sourceTree = "<group>";
		};
		23F66C111F68E46F00A46F61 /* Utils */ = {
			isa = PBXGroup;
			children = (
			);
			path = Utils;
			sourceTree = "<group>";
		};
/* End PBXGroup section */

/* Begin PBXNativeTarget section */
		23F66BCA1F68E46F00A46F61 /* ZGTableViewNoData */ = {
			isa = PBXNativeTarget;
			buildConfigurationList = 23F66C1E1F68E46F00A46F61 /* Build configuration list for PBXNativeTarget "ZGTableViewNoData" */;
			buildPhases = (
				23F66BC71F68E46F00A46F61 /* Sources */,
				23F66BC81F68E46F00A46F61 /* Frameworks */,
				23F66BC91F68E46F00A46F61 /* Resources */,
			);
			buildRules = (
			);
			dependencies = (
			);
			name = ZGTableViewNoData;
			productName = ZGTableViewNoData;
			productReference = 23F66BCB1F68E46F00A46F61 /* ZGTableViewNoData.app */;
			productType = "com.apple.product-type.application";
		};
/* End PBXNativeTarget section */

/* Begin PBXProject section */
		23F66BC31F68E46F00A46F61 /* Project object */ = {
			isa = PBXProject;
			attributes = {
				LastUpgradeCheck = 0830;
				ORGANIZATIONNAME = cn;
				TargetAttributes = {
					23F66BCA1F68E46F00A46F61 = {
						CreatedOnToolsVersion = 8.3.3;
						ProvisioningStyle = Automatic;
					};
				};
			};
			buildConfigurationList = 23F66BC61F68E46F00A46F61 /* Build configuration list for PBXProject "ZGTableViewNoData" */;
			compatibilityVersion = "Xcode 3.2";
			developmentRegion = English;
			hasScannedForEncodings = 0;
			knownRegions = (
				en,
				Base,
			);
			mainGroup = 23F66BC21F68E46F00A46F61;
			productRefGroup = 23F66BCC1F68E46F00A46F61 /* Products */;
			projectDirPath = "";
			projectRoot = "";
			targets = (
				23F66BCA1F68E46F00A46F61 /* ZGTableViewNoData */,
			);
		};
/* End PBXProject section */

/* Begin PBXResourcesBuildPhase section */
		23F66BC91F68E46F00A46F61 /* Resources */ = {
			isa = PBXResourcesBuildPhase;
			buildActionMask = 2147483647;
			files = (
				23F66BE21F68E46F00A46F61 /* PrefixHeader.pch in Resources */,
				23F66BFC1F68E46F00A46F61 /* View in Resources */,
				23F66C031F68E46F00A46F61 /* View in Resources */,
				23F66C101F68E46F00A46F61 /* Resource in Resources */,
				23F66C171F68E46F00A46F61 /* Assets.xcassets in Resources */,
				23F66C0A1F68E46F00A46F61 /* View in Resources */,
				23F66C0C1F68E46F00A46F61 /* Manager in Resources */,
				23F66C151F68E46F00A46F61 /* Main.storyboard in Resources */,
				23F66C121F68E46F00A46F61 /* Utils in Resources */,
				23F66C1A1F68E46F00A46F61 /* LaunchScreen.storyboard in Resources */,
				23F66C0E1F68E46F00A46F61 /* ThridParty in Resources */,
			);
			runOnlyForDeploymentPostprocessing = 0;
		};
/* End PBXResourcesBuildPhase section */

/* Begin PBXSourcesBuildPhase section */
		23F66BC71F68E46F00A46F61 /* Sources */ = {
			isa = PBXSourcesBuildPhase;
			buildActionMask = 2147483647;
			files = (
				23F66BED1F68E46F00A46F61 /* ZGNavigationController.m in Sources */,
				23F66BDF1F68E46F00A46F61 /* ViewController.m in Sources */,
				23F66BF01F68E46F00A46F61 /* ZGTabBarController.m in Sources */,
				23F66BEA1F68E46F00A46F61 /* ZGBaseController.m in Sources */,
				23F66BDC1F68E46F00A46F61 /* AppDelegate.m in Sources */,
				23F66BD91F68E46F00A46F61 /* main.m in Sources */,
				23F66BF41F68E46F00A46F61 /* AppDelegate+AppService.m in Sources */,
			);
			runOnlyForDeploymentPostprocessing = 0;
		};
/* End PBXSourcesBuildPhase section */

/* Begin PBXVariantGroup section */
		23F66C131F68E46F00A46F61 /* Main.storyboard */ = {
			isa = PBXVariantGroup;
			children = (
				23F66C141F68E46F00A46F61 /* Base */,
			);
			name = Main.storyboard;
			sourceTree = "<group>";
		};
		23F66C181F68E46F00A46F61 /* LaunchScreen.storyboard */ = {
			isa = PBXVariantGroup;
			children = (
				23F66C191F68E46F00A46F61 /* Base */,
			);
			name = LaunchScreen.storyboard;
			sourceTree = "<group>";
		};
/* End PBXVariantGroup section */

/* Begin XCBuildConfiguration section */
		23F66C1C1F68E46F00A46F61 /* Debug */ = {
			isa = XCBuildConfiguration;
			buildSettings = {
				ALWAYS_SEARCH_USER_PATHS = NO;
				CLANG_ANALYZER_NONNULL = YES;
				CLANG_ANALYZER_NUMBER_OBJECT_CONVERSION = YES_AGGRESSIVE;
				CLANG_CXX_LANGUAGE_STANDARD = "gnu++0x";
				CLANG_CXX_LIBRARY = "libc++";
				CLANG_ENABLE_MODULES = YES;
				CLANG_ENABLE_OBJC_ARC = YES;
				CLANG_WARN_BOOL_CONVERSION = YES;
				CLANG_WARN_CONSTANT_CONVERSION = YES;
				CLANG_WARN_DIRECT_OBJC_ISA_USAGE = YES_ERROR;
				CLANG_WARN_DOCUMENTATION_COMMENTS = YES;
				CLANG_WARN_EMPTY_BODY = YES;
				CLANG_WARN_ENUM_CONVERSION = YES;
				CLANG_WARN_INFINITE_RECURSION = YES;
				CLANG_WARN_INT_CONVERSION = YES;
				CLANG_WARN_OBJC_ROOT_CLASS = YES_ERROR;
				CLANG_WARN_SUSPICIOUS_MOVE = YES;
				CLANG_WARN_UNREACHABLE_CODE = YES;
				CLANG_WARN__DUPLICATE_METHOD_MATCH = YES;
				"CODE_SIGN_IDENTITY[sdk=iphoneos*]" = "iPhone Developer";
				COPY_PHASE_STRIP = NO;
				DEBUG_INFORMATION_FORMAT = dwarf;
				ENABLE_STRICT_OBJC_MSGSEND = YES;
				ENABLE_TESTABILITY = YES;
				GCC_C_LANGUAGE_STANDARD = gnu99;
				GCC_DYNAMIC_NO_PIC = NO;
				GCC_NO_COMMON_BLOCKS = YES;
				GCC_OPTIMIZATION_LEVEL = 0;
				GCC_PREPROCESSOR_DEFINITIONS = (
					"DEBUG=1",
					"$(inherited)",
				);
				GCC_WARN_64_TO_32_BIT_CONVERSION = YES;
				GCC_WARN_ABOUT_RETURN_TYPE = YES_ERROR;
				GCC_WARN_UNDECLARED_SELECTOR = YES;
				GCC_WARN_UNINITIALIZED_AUTOS = YES_AGGRESSIVE;
				GCC_WARN_UNUSED_FUNCTION = YES;
				GCC_WARN_UNUSED_VARIABLE = YES;
				IPHONEOS_DEPLOYMENT_TARGET = 10.3;
				MTL_ENABLE_DEBUG_INFO = YES;
				ONLY_ACTIVE_ARCH = YES;
				SDKROOT = iphoneos;
			};
			name = Debug;
		};
		23F66C1D1F68E46F00A46F61 /* Release */ = {
			isa = XCBuildConfiguration;
			buildSettings = {
				ALWAYS_SEARCH_USER_PATHS = NO;
				CLANG_ANALYZER_NONNULL = YES;
				CLANG_ANALYZER_NUMBER_OBJECT_CONVERSION = YES_AGGRESSIVE;
				CLANG_CXX_LANGUAGE_STANDARD = "gnu++0x";
				CLANG_CXX_LIBRARY = "libc++";
				CLANG_ENABLE_MODULES = YES;
				CLANG_ENABLE_OBJC_ARC = YES;
				CLANG_WARN_BOOL_CONVERSION = YES;
				CLANG_WARN_CONSTANT_CONVERSION = YES;
				CLANG_WARN_DIRECT_OBJC_ISA_USAGE = YES_ERROR;
				CLANG_WARN_DOCUMENTATION_COMMENTS = YES;
				CLANG_WARN_EMPTY_BODY = YES;
				CLANG_WARN_ENUM_CONVERSION = YES;
				CLANG_WARN_INFINITE_RECURSION = YES;
				CLANG_WARN_INT_CONVERSION = YES;
				CLANG_WARN_OBJC_ROOT_CLASS = YES_ERROR;
				CLANG_WARN_SUSPICIOUS_MOVE = YES;
				CLANG_WARN_UNREACHABLE_CODE = YES;
				CLANG_WARN__DUPLICATE_METHOD_MATCH = YES;
				"CODE_SIGN_IDENTITY[sdk=iphoneos*]" = "iPhone Developer";
				COPY_PHASE_STRIP = NO;
				DEBUG_INFORMATION_FORMAT = "dwarf-with-dsym";
				ENABLE_NS_ASSERTIONS = NO;
				ENABLE_STRICT_OBJC_MSGSEND = YES;
				GCC_C_LANGUAGE_STANDARD = gnu99;
				GCC_NO_COMMON_BLOCKS = YES;
				GCC_WARN_64_TO_32_BIT_CONVERSION = YES;
				GCC_WARN_ABOUT_RETURN_TYPE = YES_ERROR;
				GCC_WARN_UNDECLARED_SELECTOR = YES;
				GCC_WARN_UNINITIALIZED_AUTOS = YES_AGGRESSIVE;
				GCC_WARN_UNUSED_FUNCTION = YES;
				GCC_WARN_UNUSED_VARIABLE = YES;
				IPHONEOS_DEPLOYMENT_TARGET = 10.3;
				MTL_ENABLE_DEBUG_INFO = NO;
				SDKROOT = iphoneos;
				VALIDATE_PRODUCT = YES;
			};
			name = Release;
		};
		23F66C1F1F68E46F00A46F61 /* Debug */ = {
			isa = XCBuildConfiguration;
			buildSettings = {
				ASSETCATALOG_COMPILER_APPICON_NAME = AppIcon;
				INFOPLIST_FILE = ZGTableViewNoData/Info.plist;
				LD_RUNPATH_SEARCH_PATHS = "$(inherited) @executable_path/Frameworks";
				PRODUCT_BUNDLE_IDENTIFIER = offcn.ZGTableViewNoData;
				PRODUCT_NAME = "$(TARGET_NAME)";
			};
			name = Debug;
		};
		23F66C201F68E46F00A46F61 /* Release */ = {
			isa = XCBuildConfiguration;
			buildSettings = {
				ASSETCATALOG_COMPILER_APPICON_NAME = AppIcon;
				INFOPLIST_FILE = ZGTableViewNoData/Info.plist;
				LD_RUNPATH_SEARCH_PATHS = "$(inherited) @executable_path/Frameworks";
				PRODUCT_BUNDLE_IDENTIFIER = offcn.ZGTableViewNoData;
				PRODUCT_NAME = "$(TARGET_NAME)";
			};
			name = Release;
		};
/* End XCBuildConfiguration section */

/* Begin XCConfigurationList section */
		23F66BC61F68E46F00A46F61 /* Build configuration list for PBXProject "ZGTableViewNoData" */ = {
			isa = XCConfigurationList;
			buildConfigurations = (
				23F66C1C1F68E46F00A46F61 /* Debug */,
				23F66C1D1F68E46F00A46F61 /* Release */,
			);
			defaultConfigurationIsVisible = 0;
			defaultConfigurationName = Release;
		};
		23F66C1E1F68E46F00A46F61 /* Build configuration list for PBXNativeTarget "ZGTableViewNoData" */ = {
			isa = XCConfigurationList;
			buildConfigurations = (
				23F66C1F1F68E46F00A46F61 /* Debug */,
				23F66C201F68E46F00A46F61 /* Release */,
			);
			defaultConfigurationIsVisible = 0;
		};
/* End XCConfigurationList section */
	};
	rootObject = 23F66BC31F68E46F00A46F61 /* Project object */;
}
